
Microsoft Visual Studio Solution File, Format Version 12.00
# Visual Studio Version 17
VisualStudioVersion = 17.8.34525.116
MinimumVisualStudioVersion = 10.0.40219.1
Project("{FAE04EC0-301F-11D3-BF4B-00C04F79EFBC}") = "Pacagroup.Ecommerce.ConsoleApp.Consumer", "Pacagroup.Ecommerce.ConsoleApp.Consumer\Pacagroup.Ecommerce.ConsoleApp.Consumer.csproj", "{F7FE22B2-8E22-462F-A073-0991DB4B29FF}"
EndProject
Global
	GlobalSection(SolutionConfigurationPlatforms) = preSolution
		Debug|Any CPU = Debug|Any CPU
		Release|Any CPU = Release|Any CPU
	EndGlobalSection
	GlobalSection(ProjectConfigurationPlatforms) = postSolution
		{F7FE22B2-8E22-462F-A073-0991DB4B29FF}.Debug|Any CPU.ActiveCfg = Debug|Any CPU
		{F7FE22B2-8E22-462F-A073-0991DB4B29FF}.Debug|Any CPU.Build.0 = Debug|Any CPU
		{F7FE22B2-8E22-462F-A073-0991DB4B29FF}.Release|Any CPU.ActiveCfg = Release|Any CPU
		{F7FE22B2-8E22-462F-A073-0991DB4B29FF}.Release|Any CPU.Build.0 = Release|Any CPU
	EndGlobalSection
	GlobalSection(SolutionProperties) = preSolution
		HideSolutionNode = FALSE
	EndGlobalSection
	GlobalSection(ExtensibilityGlobals) = postSolution
		SolutionGuid = {D90B4871-DD6B-4E2E-887B-309A749B2EF7}
	EndGlobalSection
EndGlobal
