
Microsoft Visual Studio Solution File, Format Version 12.00
# Visual Studio Version 17
VisualStudioVersion = 17.11.35208.52
MinimumVisualStudioVersion = 10.0.40219.1
Project("{9A19103F-16F7-4668-BE54-9A1E7A4F7556}") = "StructureProgramming", "StructurePrograming\StructureProgramming.csproj", "{505C577F-CF35-45D8-874B-2F961F37D29D}"
EndProject
Project("{2150E333-8FDC-42A3-9474-1A3956D46DE8}") = "Section1", "Section1", "{B5EF85EF-395A-47C4-94F4-DCCDA6036E5B}"
EndProject
Project("{2150E333-8FDC-42A3-9474-1A3956D46DE8}") = "Section2", "Section2", "{2E1909D4-522D-4A3B-A8CE-A277327FB7F8}"
EndProject
Project("{9A19103F-16F7-4668-BE54-9A1E7A4F7556}") = "Object-OrientedProgramming", "Object-OrientedProgramming\Object-OrientedProgramming.csproj", "{6A7EA008-F54E-4830-B816-1C6431B75147}"
EndProject
Project("{2150E333-8FDC-42A3-9474-1A3956D46DE8}") = "Section3", "Section3", "{FBF81899-F04C-43AB-BDAE-A86506873CE7}"
EndProject
Project("{9A19103F-16F7-4668-BE54-9A1E7A4F7556}") = "FunctionalProgramming", "FunctionalProgramming\FunctionalProgramming.csproj", "{3F16E7DB-B347-4C7E-90E1-108A4D70B89B}"
EndProject
Project("{2150E333-8FDC-42A3-9474-1A3956D46DE8}") = "Section4", "Section4", "{3C28BFFB-671C-474B-A561-05EA2307DEFE}"
EndProject
Project("{9A19103F-16F7-4668-BE54-9A1E7A4F7556}") = "SOLID", "SOLID\SOLID.csproj", "{677245C0-6EB1-4268-A94E-F3819D768988}"
EndProject
Project("{2150E333-8FDC-42A3-9474-1A3956D46DE8}") = "Section5", "Section5", "{E227EB04-2A94-4214-8AD7-C1B6C5248AA1}"
EndProject
Project("{9A19103F-16F7-4668-BE54-9A1E7A4F7556}") = "TestComponent", "TestComponent\TestComponent.csproj", "{87FF1ED4-A100-4CE5-A306-560503DBC1D1}"
EndProject
Project("{9A19103F-16F7-4668-BE54-9A1E7A4F7556}") = "OperationComponent", "OperationComponent\OperationComponent.csproj", "{DF593331-33E1-44DF-8021-F2F510ABE74E}"
EndProject
Project("{9A19103F-16F7-4668-BE54-9A1E7A4F7556}") = "BeersRepositoryComponent", "BeersRepositoryComponent\BeersRepositoryComponent.csproj", "{4FDFD851-D25E-4099-BF8C-399659F2DE74}"
EndProject
Project("{2150E333-8FDC-42A3-9474-1A3956D46DE8}") = "Section6", "Section6", "{46534EF1-3431-4A84-8C45-F72AE7F8359B}"
EndProject
Project("{9A19103F-16F7-4668-BE54-9A1E7A4F7556}") = "BusinessComponent", "BusinessComponent\BusinessComponent.csproj", "{D5FE9914-2570-4A23-8269-9652270F0CF1}"
EndProject
Project("{9A19103F-16F7-4668-BE54-9A1E7A4F7556}") = "RepositoryComponent", "RepositoryComponent\RepositoryComponent.csproj", "{6AD2B16A-4CA6-48E7-8CCA-7D2344E47236}"
EndProject
Project("{2150E333-8FDC-42A3-9474-1A3956D46DE8}") = "Section7", "Section7", "{886686EA-E9CC-4CBA-8367-F4198D4AC7AB}"
EndProject
Project("{9A19103F-16F7-4668-BE54-9A1E7A4F7556}") = "EnterpriseLayer", "EnterpriseLayer\EnterpriseLayer.csproj", "{973D94F1-E5DE-4A2C-BEFB-9D169D131AEF}"
EndProject
Project("{9A19103F-16F7-4668-BE54-9A1E7A4F7556}") = "ApplicationLayer", "ApplicationLayer\ApplicationLayer.csproj", "{A8FE20A0-A659-4D02-9C3C-4626675D5DB9}"
EndProject
Project("{9A19103F-16F7-4668-BE54-9A1E7A4F7556}") = "InterfaceAdapters-Data", "InterfaceAdapters-Data\InterfaceAdapters-Data.csproj", "{B703D61E-055C-4F95-8A15-179DF8F230BA}"
EndProject
Project("{9A19103F-16F7-4668-BE54-9A1E7A4F7556}") = "InterfaceAdapters-Repository", "InterfaceAdapters-Repository\InterfaceAdapters-Repository.csproj", "{737F1CCA-0CAD-4CF1-80D2-D46D37BD9672}"
EndProject
Project("{9A19103F-16F7-4668-BE54-9A1E7A4F7556}") = "FrameworkDrivers-API", "FrameworkDrivers-API\FrameworkDrivers-API.csproj", "{1EA66646-6BB9-497A-87A4-9BE70739BDB2}"
EndProject
Project("{9A19103F-16F7-4668-BE54-9A1E7A4F7556}") = "InterfaceAdapters-Models", "InterfaceAdapters-Models\InterfaceAdapters-Models.csproj", "{66E85597-668C-4270-A031-5D15CEBC0273}"
EndProject
Project("{9A19103F-16F7-4668-BE54-9A1E7A4F7556}") = "InterfaceAdapters-Presenters", "InterfaceAdapters-Presenters\InterfaceAdapters-Presenters.csproj", "{84A755F6-4055-4ED0-812B-1187B9D27792}"
EndProject
Project("{9A19103F-16F7-4668-BE54-9A1E7A4F7556}") = "InterfaceAdapters-Mappers", "InterfaceAdapters-Mappers\InterfaceAdapters-Mappers.csproj", "{791C62DB-743F-47CC-ACC0-6792560F30BF}"
EndProject
Project("{9A19103F-16F7-4668-BE54-9A1E7A4F7556}") = "Interface-Adapters-Adapter", "Interface-Adapters-Adapter\Interface-Adapters-Adapter.csproj", "{4D601DEA-0945-4B43-BA9D-FECFC0C17166}"
EndProject
Project("{9A19103F-16F7-4668-BE54-9A1E7A4F7556}") = "FrameworkDrivers-ExternalService", "FrameworkDrivers-ExternalService\FrameworkDrivers-ExternalService.csproj", "{33D822B5-541F-4CDD-BFA6-5DCAE274FB26}"
EndProject
Project("{FAE04EC0-301F-11D3-BF4B-00C04F79EFBC}") = "FrameworkDrivers-Console", "FrameworkDrivers-Console\FrameworkDrivers-Console.csproj", "{3AE2E491-4CB7-465A-BF1C-45C7DC173E83}"
EndProject
Global
	GlobalSection(SolutionConfigurationPlatforms) = preSolution
		Debug|Any CPU = Debug|Any CPU
		Release|Any CPU = Release|Any CPU
	EndGlobalSection
	GlobalSection(ProjectConfigurationPlatforms) = postSolution
		{505C577F-CF35-45D8-874B-2F961F37D29D}.Debug|Any CPU.ActiveCfg = Debug|Any CPU
		{505C577F-CF35-45D8-874B-2F961F37D29D}.Debug|Any CPU.Build.0 = Debug|Any CPU
		{505C577F-CF35-45D8-874B-2F961F37D29D}.Release|Any CPU.ActiveCfg = Release|Any CPU
		{505C577F-CF35-45D8-874B-2F961F37D29D}.Release|Any CPU.Build.0 = Release|Any CPU
		{6A7EA008-F54E-4830-B816-1C6431B75147}.Debug|Any CPU.ActiveCfg = Debug|Any CPU
		{6A7EA008-F54E-4830-B816-1C6431B75147}.Debug|Any CPU.Build.0 = Debug|Any CPU
		{6A7EA008-F54E-4830-B816-1C6431B75147}.Release|Any CPU.ActiveCfg = Release|Any CPU
		{6A7EA008-F54E-4830-B816-1C6431B75147}.Release|Any CPU.Build.0 = Release|Any CPU
		{3F16E7DB-B347-4C7E-90E1-108A4D70B89B}.Debug|Any CPU.ActiveCfg = Debug|Any CPU
		{3F16E7DB-B347-4C7E-90E1-108A4D70B89B}.Debug|Any CPU.Build.0 = Debug|Any CPU
		{3F16E7DB-B347-4C7E-90E1-108A4D70B89B}.Release|Any CPU.ActiveCfg = Release|Any CPU
		{3F16E7DB-B347-4C7E-90E1-108A4D70B89B}.Release|Any CPU.Build.0 = Release|Any CPU
		{677245C0-6EB1-4268-A94E-F3819D768988}.Debug|Any CPU.ActiveCfg = Debug|Any CPU
		{677245C0-6EB1-4268-A94E-F3819D768988}.Debug|Any CPU.Build.0 = Debug|Any CPU
		{677245C0-6EB1-4268-A94E-F3819D768988}.Release|Any CPU.ActiveCfg = Release|Any CPU
		{677245C0-6EB1-4268-A94E-F3819D768988}.Release|Any CPU.Build.0 = Release|Any CPU
		{87FF1ED4-A100-4CE5-A306-560503DBC1D1}.Debug|Any CPU.ActiveCfg = Debug|Any CPU
		{87FF1ED4-A100-4CE5-A306-560503DBC1D1}.Debug|Any CPU.Build.0 = Debug|Any CPU
		{87FF1ED4-A100-4CE5-A306-560503DBC1D1}.Release|Any CPU.ActiveCfg = Release|Any CPU
		{87FF1ED4-A100-4CE5-A306-560503DBC1D1}.Release|Any CPU.Build.0 = Release|Any CPU
		{DF593331-33E1-44DF-8021-F2F510ABE74E}.Debug|Any CPU.ActiveCfg = Debug|Any CPU
		{DF593331-33E1-44DF-8021-F2F510ABE74E}.Debug|Any CPU.Build.0 = Debug|Any CPU
		{DF593331-33E1-44DF-8021-F2F510ABE74E}.Release|Any CPU.ActiveCfg = Release|Any CPU
		{DF593331-33E1-44DF-8021-F2F510ABE74E}.Release|Any CPU.Build.0 = Release|Any CPU
		{4FDFD851-D25E-4099-BF8C-399659F2DE74}.Debug|Any CPU.ActiveCfg = Debug|Any CPU
		{4FDFD851-D25E-4099-BF8C-399659F2DE74}.Debug|Any CPU.Build.0 = Debug|Any CPU
		{4FDFD851-D25E-4099-BF8C-399659F2DE74}.Release|Any CPU.ActiveCfg = Release|Any CPU
		{4FDFD851-D25E-4099-BF8C-399659F2DE74}.Release|Any CPU.Build.0 = Release|Any CPU
		{D5FE9914-2570-4A23-8269-9652270F0CF1}.Debug|Any CPU.ActiveCfg = Debug|Any CPU
		{D5FE9914-2570-4A23-8269-9652270F0CF1}.Debug|Any CPU.Build.0 = Debug|Any CPU
		{D5FE9914-2570-4A23-8269-9652270F0CF1}.Release|Any CPU.ActiveCfg = Release|Any CPU
		{D5FE9914-2570-4A23-8269-9652270F0CF1}.Release|Any CPU.Build.0 = Release|Any CPU
		{6AD2B16A-4CA6-48E7-8CCA-7D2344E47236}.Debug|Any CPU.ActiveCfg = Debug|Any CPU
		{6AD2B16A-4CA6-48E7-8CCA-7D2344E47236}.Debug|Any CPU.Build.0 = Debug|Any CPU
		{6AD2B16A-4CA6-48E7-8CCA-7D2344E47236}.Release|Any CPU.ActiveCfg = Release|Any CPU
		{6AD2B16A-4CA6-48E7-8CCA-7D2344E47236}.Release|Any CPU.Build.0 = Release|Any CPU
		{973D94F1-E5DE-4A2C-BEFB-9D169D131AEF}.Debug|Any CPU.ActiveCfg = Debug|Any CPU
		{973D94F1-E5DE-4A2C-BEFB-9D169D131AEF}.Debug|Any CPU.Build.0 = Debug|Any CPU
		{973D94F1-E5DE-4A2C-BEFB-9D169D131AEF}.Release|Any CPU.ActiveCfg = Release|Any CPU
		{973D94F1-E5DE-4A2C-BEFB-9D169D131AEF}.Release|Any CPU.Build.0 = Release|Any CPU
		{A8FE20A0-A659-4D02-9C3C-4626675D5DB9}.Debug|Any CPU.ActiveCfg = Debug|Any CPU
		{A8FE20A0-A659-4D02-9C3C-4626675D5DB9}.Debug|Any CPU.Build.0 = Debug|Any CPU
		{A8FE20A0-A659-4D02-9C3C-4626675D5DB9}.Release|Any CPU.ActiveCfg = Release|Any CPU
		{A8FE20A0-A659-4D02-9C3C-4626675D5DB9}.Release|Any CPU.Build.0 = Release|Any CPU
		{B703D61E-055C-4F95-8A15-179DF8F230BA}.Debug|Any CPU.ActiveCfg = Debug|Any CPU
		{B703D61E-055C-4F95-8A15-179DF8F230BA}.Debug|Any CPU.Build.0 = Debug|Any CPU
		{B703D61E-055C-4F95-8A15-179DF8F230BA}.Release|Any CPU.ActiveCfg = Release|Any CPU
		{B703D61E-055C-4F95-8A15-179DF8F230BA}.Release|Any CPU.Build.0 = Release|Any CPU
		{737F1CCA-0CAD-4CF1-80D2-D46D37BD9672}.Debug|Any CPU.ActiveCfg = Debug|Any CPU
		{737F1CCA-0CAD-4CF1-80D2-D46D37BD9672}.Debug|Any CPU.Build.0 = Debug|Any CPU
		{737F1CCA-0CAD-4CF1-80D2-D46D37BD9672}.Release|Any CPU.ActiveCfg = Release|Any CPU
		{737F1CCA-0CAD-4CF1-80D2-D46D37BD9672}.Release|Any CPU.Build.0 = Release|Any CPU
		{1EA66646-6BB9-497A-87A4-9BE70739BDB2}.Debug|Any CPU.ActiveCfg = Debug|Any CPU
		{1EA66646-6BB9-497A-87A4-9BE70739BDB2}.Debug|Any CPU.Build.0 = Debug|Any CPU
		{1EA66646-6BB9-497A-87A4-9BE70739BDB2}.Release|Any CPU.ActiveCfg = Release|Any CPU
		{1EA66646-6BB9-497A-87A4-9BE70739BDB2}.Release|Any CPU.Build.0 = Release|Any CPU
		{66E85597-668C-4270-A031-5D15CEBC0273}.Debug|Any CPU.ActiveCfg = Debug|Any CPU
		{66E85597-668C-4270-A031-5D15CEBC0273}.Debug|Any CPU.Build.0 = Debug|Any CPU
		{66E85597-668C-4270-A031-5D15CEBC0273}.Release|Any CPU.ActiveCfg = Release|Any CPU
		{66E85597-668C-4270-A031-5D15CEBC0273}.Release|Any CPU.Build.0 = Release|Any CPU
		{84A755F6-4055-4ED0-812B-1187B9D27792}.Debug|Any CPU.ActiveCfg = Debug|Any CPU
		{84A755F6-4055-4ED0-812B-1187B9D27792}.Debug|Any CPU.Build.0 = Debug|Any CPU
		{84A755F6-4055-4ED0-812B-1187B9D27792}.Release|Any CPU.ActiveCfg = Release|Any CPU
		{84A755F6-4055-4ED0-812B-1187B9D27792}.Release|Any CPU.Build.0 = Release|Any CPU
		{791C62DB-743F-47CC-ACC0-6792560F30BF}.Debug|Any CPU.ActiveCfg = Debug|Any CPU
		{791C62DB-743F-47CC-ACC0-6792560F30BF}.Debug|Any CPU.Build.0 = Debug|Any CPU
		{791C62DB-743F-47CC-ACC0-6792560F30BF}.Release|Any CPU.ActiveCfg = Release|Any CPU
		{791C62DB-743F-47CC-ACC0-6792560F30BF}.Release|Any CPU.Build.0 = Release|Any CPU
		{4D601DEA-0945-4B43-BA9D-FECFC0C17166}.Debug|Any CPU.ActiveCfg = Debug|Any CPU
		{4D601DEA-0945-4B43-BA9D-FECFC0C17166}.Debug|Any CPU.Build.0 = Debug|Any CPU
		{4D601DEA-0945-4B43-BA9D-FECFC0C17166}.Release|Any CPU.ActiveCfg = Release|Any CPU
		{4D601DEA-0945-4B43-BA9D-FECFC0C17166}.Release|Any CPU.Build.0 = Release|Any CPU
		{33D822B5-541F-4CDD-BFA6-5DCAE274FB26}.Debug|Any CPU.ActiveCfg = Debug|Any CPU
		{33D822B5-541F-4CDD-BFA6-5DCAE274FB26}.Debug|Any CPU.Build.0 = Debug|Any CPU
		{33D822B5-541F-4CDD-BFA6-5DCAE274FB26}.Release|Any CPU.ActiveCfg = Release|Any CPU
		{33D822B5-541F-4CDD-BFA6-5DCAE274FB26}.Release|Any CPU.Build.0 = Release|Any CPU
		{3AE2E491-4CB7-465A-BF1C-45C7DC173E83}.Debug|Any CPU.ActiveCfg = Debug|Any CPU
		{3AE2E491-4CB7-465A-BF1C-45C7DC173E83}.Debug|Any CPU.Build.0 = Debug|Any CPU
		{3AE2E491-4CB7-465A-BF1C-45C7DC173E83}.Release|Any CPU.ActiveCfg = Release|Any CPU
		{3AE2E491-4CB7-465A-BF1C-45C7DC173E83}.Release|Any CPU.Build.0 = Release|Any CPU
	EndGlobalSection
	GlobalSection(SolutionProperties) = preSolution
		HideSolutionNode = FALSE
	EndGlobalSection
	GlobalSection(NestedProjects) = preSolution
		{505C577F-CF35-45D8-874B-2F961F37D29D} = {B5EF85EF-395A-47C4-94F4-DCCDA6036E5B}
		{6A7EA008-F54E-4830-B816-1C6431B75147} = {2E1909D4-522D-4A3B-A8CE-A277327FB7F8}
		{3F16E7DB-B347-4C7E-90E1-108A4D70B89B} = {FBF81899-F04C-43AB-BDAE-A86506873CE7}
		{677245C0-6EB1-4268-A94E-F3819D768988} = {3C28BFFB-671C-474B-A561-05EA2307DEFE}
		{87FF1ED4-A100-4CE5-A306-560503DBC1D1} = {E227EB04-2A94-4214-8AD7-C1B6C5248AA1}
		{DF593331-33E1-44DF-8021-F2F510ABE74E} = {E227EB04-2A94-4214-8AD7-C1B6C5248AA1}
		{4FDFD851-D25E-4099-BF8C-399659F2DE74} = {E227EB04-2A94-4214-8AD7-C1B6C5248AA1}
		{D5FE9914-2570-4A23-8269-9652270F0CF1} = {46534EF1-3431-4A84-8C45-F72AE7F8359B}
		{6AD2B16A-4CA6-48E7-8CCA-7D2344E47236} = {46534EF1-3431-4A84-8C45-F72AE7F8359B}
		{973D94F1-E5DE-4A2C-BEFB-9D169D131AEF} = {886686EA-E9CC-4CBA-8367-F4198D4AC7AB}
		{A8FE20A0-A659-4D02-9C3C-4626675D5DB9} = {886686EA-E9CC-4CBA-8367-F4198D4AC7AB}
		{B703D61E-055C-4F95-8A15-179DF8F230BA} = {886686EA-E9CC-4CBA-8367-F4198D4AC7AB}
		{737F1CCA-0CAD-4CF1-80D2-D46D37BD9672} = {886686EA-E9CC-4CBA-8367-F4198D4AC7AB}
		{1EA66646-6BB9-497A-87A4-9BE70739BDB2} = {886686EA-E9CC-4CBA-8367-F4198D4AC7AB}
		{66E85597-668C-4270-A031-5D15CEBC0273} = {886686EA-E9CC-4CBA-8367-F4198D4AC7AB}
		{84A755F6-4055-4ED0-812B-1187B9D27792} = {886686EA-E9CC-4CBA-8367-F4198D4AC7AB}
		{791C62DB-743F-47CC-ACC0-6792560F30BF} = {886686EA-E9CC-4CBA-8367-F4198D4AC7AB}
		{4D601DEA-0945-4B43-BA9D-FECFC0C17166} = {886686EA-E9CC-4CBA-8367-F4198D4AC7AB}
		{33D822B5-541F-4CDD-BFA6-5DCAE274FB26} = {886686EA-E9CC-4CBA-8367-F4198D4AC7AB}
		{3AE2E491-4CB7-465A-BF1C-45C7DC173E83} = {886686EA-E9CC-4CBA-8367-F4198D4AC7AB}
	EndGlobalSection
	GlobalSection(ExtensibilityGlobals) = postSolution
		SolutionGuid = {77B00D19-6A02-41AE-A85E-025EDA4A38E5}
	EndGlobalSection
EndGlobal
